{
  "version": 4,
  "terraform_version": "1.1.9",
  "serial": 13,
  "lineage": "e6fd1a31-94f0-723e-ea8e-8fbb1c2879cf",
  "outputs": {},
  "resources": [
    {
      "mode": "managed",
      "type": "aws_vpc",
      "name": "myvpc",
      "provider": "provider[\"registry.terraform.io/hashicorp/aws\"]",
      "instances": [
        {
          "schema_version": 1,
          "attributes": {
            "arn": "arn:aws:ec2:us-west-1:320020677366:vpc/vpc-0ad1247b325bfadd9",
            "assign_generated_ipv6_cidr_block": false,
            "cidr_block": "10.0.0.0/16",
            "default_network_acl_id": "acl-0469f85bde02b6f23",
            "default_route_table_id": "rtb-09af4eba4f2fc43d6",
            "default_security_group_id": "sg-04a3e97665bb07e37",
            "dhcp_options_id": "dopt-024da0e37dbbc1df6",
            "enable_classiclink": false,
            "enable_classiclink_dns_support": false,
            "enable_dns_hostnames": false,
            "enable_dns_support": true,
            "id": "vpc-0ad1247b325bfadd9",
            "instance_tenancy": "default",
            "ipv4_ipam_pool_id": null,
            "ipv4_netmask_length": null,
            "ipv6_association_id": "",
            "ipv6_cidr_block": "",
            "ipv6_cidr_block_network_border_group": "",
            "ipv6_ipam_pool_id": "",
            "ipv6_netmask_length": 0,
            "main_route_table_id": "rtb-09af4eba4f2fc43d6",
            "owner_id": "320020677366",
            "tags": null,
            "tags_all": {}
          },
          "sensitive_attributes": [],
          "private": "eyJzY2hlbWFfdmVyc2lvbiI6IjEifQ=="
        }
      ]
    }
  ]
}
