{
  "version": 4,
  "terraform_version": "1.1.9",
  "serial": 1,
  "lineage": "9cd9ed00-7a7f-31cd-f699-e892e0414b74",
  "outputs": {},
  "resources": [
    {
      "mode": "managed",
      "type": "aws_vpc",
      "name": "myvpc",
      "provider": "provider[\"registry.terraform.io/hashicorp/aws\"]",
      "instances": [
        {
          "schema_version": 1,
          "attributes": {
            "arn": "arn:aws:ec2:us-west-2:320020677366:vpc/vpc-0a98448de2e87d480",
            "assign_generated_ipv6_cidr_block": false,
            "cidr_block": "10.0.0.0/16",
            "default_network_acl_id": "acl-0c03f2450b6df6ac4",
            "default_route_table_id": "rtb-00a50f4e4b09ff8b2",
            "default_security_group_id": "sg-09f49d9085cfb11a5",
            "dhcp_options_id": "dopt-0dd017b95d6c720ee",
            "enable_classiclink": false,
            "enable_classiclink_dns_support": false,
            "enable_dns_hostnames": false,
            "enable_dns_support": true,
            "id": "vpc-0a98448de2e87d480",
            "instance_tenancy": "default",
            "ipv4_ipam_pool_id": null,
            "ipv4_netmask_length": null,
            "ipv6_association_id": "",
            "ipv6_cidr_block": "",
            "ipv6_cidr_block_network_border_group": "",
            "ipv6_ipam_pool_id": "",
            "ipv6_netmask_length": 0,
            "main_route_table_id": "rtb-00a50f4e4b09ff8b2",
            "owner_id": "320020677366",
            "tags": {
              "Name": "inputvpc"
            },
            "tags_all": {
              "Name": "inputvpc"
            }
          },
          "sensitive_attributes": [],
          "private": "eyJzY2hlbWFfdmVyc2lvbiI6IjEifQ=="
        }
      ]
    }
  ]
}
